
Microsoft Visual Studio Solution File, Format Version 12.00
# Visual Studio Version 17
VisualStudioVersion = 17.8.34525.116
MinimumVisualStudioVersion = 10.0.40219.1
Project("{FAE04EC0-301F-11D3-BF4B-00C04F79EFBC}") = "Week8EpicGame", "Week8EpicGame\Week8EpicGame.csproj", "{0D4E5978-A9AD-493F-9D1C-18B8899066FD}"
EndProject
Global
	GlobalSection(SolutionConfigurationPlatforms) = preSolution
		Debug|Any CPU = Debug|Any CPU
		Release|Any CPU = Release|Any CPU
	EndGlobalSection
	GlobalSection(ProjectConfigurationPlatforms) = postSolution
		{0D4E5978-A9AD-493F-9D1C-18B8899066FD}.Debug|Any CPU.ActiveCfg = Debug|Any CPU
		{0D4E5978-A9AD-493F-9D1C-18B8899066FD}.Debug|Any CPU.Build.0 = Debug|Any CPU
		{0D4E5978-A9AD-493F-9D1C-18B8899066FD}.Release|Any CPU.ActiveCfg = Release|Any CPU
		{0D4E5978-A9AD-493F-9D1C-18B8899066FD}.Release|Any CPU.Build.0 = Release|Any CPU
	EndGlobalSection
	GlobalSection(SolutionProperties) = preSolution
		HideSolutionNode = FALSE
	EndGlobalSection
	GlobalSection(ExtensibilityGlobals) = postSolution
		SolutionGuid = {1D66770D-A142-4E30-BDC5-8AC7C6E1AD5B}
	EndGlobalSection
EndGlobal
